{
  "name": "mobx-playground",
  "version": "1.0.0",
  "lockfileVersion": 1,
  "requires": true,
  "dependencies": {
    "mobx": {
      "version": "6.1.8",
      "resolved": "https://registry.npmjs.org/mobx/-/mobx-6.1.8.tgz",
      "integrity": "sha512-U4yCvUeh6yKXRwFxm2lyJjXPVekOEar/R8ZKWAXem/3fthJqYflViawfjDAUh7lZEvbKqljC3NT/pSaUKpE+gg=="
    }
  }
}
